// !$*UTF8*$!
{
	archiveVersion = 1;
	classes = {
	};
	objectVersion = 50;
	objects = {

/* Begin PBXBuildFile section */
		DDC847B924D0C4C600908784 /* AppDelegate.swift in Sources */ = {isa = PBXBuildFile; fileRef = DDC847B824D0C4C600908784 /* AppDelegate.swift */; };
		DDC847BB24D0C4C600908784 /* SceneDelegate.swift in Sources */ = {isa = PBXBuildFile; fileRef = DDC847BA24D0C4C600908784 /* SceneDelegate.swift */; };
		DDC847BD24D0C4C600908784 /* ViewController.swift in Sources */ = {isa = PBXBuildFile; fileRef = DDC847BC24D0C4C600908784 /* ViewController.swift */; };
		DDC847C024D0C4C700908784 /* Main.storyboard in Resources */ = {isa = PBXBuildFile; fileRef = DDC847BE24D0C4C700908784 /* Main.storyboard */; };
		DDC847C224D0C4CA00908784 /* Assets.xcassets in Resources */ = {isa = PBXBuildFile; fileRef = DDC847C124D0C4CA00908784 /* Assets.xcassets */; };
		DDC847C524D0C4CA00908784 /* LaunchScreen.storyboard in Resources */ = {isa = PBXBuildFile; fileRef = DDC847C324D0C4CA00908784 /* LaunchScreen.storyboard */; };
		DDC847D024D0C4CA00908784 /* Tip_CalculatorTests.swift in Sources */ = {isa = PBXBuildFile; fileRef = DDC847CF24D0C4CA00908784 /* Tip_CalculatorTests.swift */; };
		DDC847DB24D0C4CA00908784 /* Tip_CalculatorUITests.swift in Sources */ = {isa = PBXBuildFile; fileRef = DDC847DA24D0C4CA00908784 /* Tip_CalculatorUITests.swift */; };
/* End PBXBuildFile section */

/* Begin PBXContainerItemProxy section */
		DDC847CC24D0C4CA00908784 /* PBXContainerItemProxy */ = {
			isa = PBXContainerItemProxy;
			containerPortal = DDC847AD24D0C4C600908784 /* Project object */;
			proxyType = 1;
			remoteGlobalIDString = DDC847B424D0C4C600908784;
			remoteInfo = "Tip Calculator";
		};
		DDC847D724D0C4CA00908784 /* PBXContainerItemProxy */ = {
			isa = PBXContainerItemProxy;
			containerPortal = DDC847AD24D0C4C600908784 /* Project object */;
			proxyType = 1;
			remoteGlobalIDString = DDC847B424D0C4C600908784;
			remoteInfo = "Tip Calculator";
		};
/* End PBXContainerItemProxy section */

/* Begin PBXFileReference section */
		DDC847B524D0C4C600908784 /* Tip Calculator.app */ = {isa = PBXFileReference; explicitFileType = wrapper.application; includeInIndex = 0; path = "Tip Calculator.app"; sourceTree = BUILT_PRODUCTS_DIR; };
		DDC847B824D0C4C600908784 /* AppDelegate.swift */ = {isa = PBXFileReference; lastKnownFileType = sourcecode.swift; path = AppDelegate.swift; sourceTree = "<group>"; };
		DDC847BA24D0C4C600908784 /* SceneDelegate.swift */ = {isa = PBXFileReference; lastKnownFileType = sourcecode.swift; path = SceneDelegate.swift; sourceTree = "<group>"; };
		DDC847BC24D0C4C600908784 /* ViewController.swift */ = {isa = PBXFileReference; lastKnownFileType = sourcecode.swift; path = ViewController.swift; sourceTree = "<group>"; };
		DDC847BF24D0C4C700908784 /* Base */ = {isa = PBXFileReference; lastKnownFileType = file.storyboard; name = Base; path = Base.lproj/Main.storyboard; sourceTree = "<group>"; };
		DDC847C124D0C4CA00908784 /* Assets.xcassets */ = {isa = PBXFileReference; lastKnownFileType = folder.assetcatalog; path = Assets.xcassets; sourceTree = "<group>"; };
		DDC847C424D0C4CA00908784 /* Base */ = {isa = PBXFileReference; lastKnownFileType = file.storyboard; name = Base; path = Base.lproj/LaunchScreen.storyboard; sourceTree = "<group>"; };
		DDC847C624D0C4CA00908784 /* Info.plist */ = {isa = PBXFileReference; lastKnownFileType = text.plist.xml; path = Info.plist; sourceTree = "<group>"; };
		DDC847CB24D0C4CA00908784 /* Tip CalculatorTests.xctest */ = {isa = PBXFileReference; explicitFileType = wrapper.cfbundle; includeInIndex = 0; path = "Tip CalculatorTests.xctest"; sourceTree = BUILT_PRODUCTS_DIR; };
		DDC847CF24D0C4CA00908784 /* Tip_CalculatorTests.swift */ = {isa = PBXFileReference; lastKnownFileType = sourcecode.swift; path = Tip_CalculatorTests.swift; sourceTree = "<group>"; };
		DDC847D124D0C4CA00908784 /* Info.plist */ = {isa = PBXFileReference; lastKnownFileType = text.plist.xml; path = Info.plist; sourceTree = "<group>"; };
		DDC847D624D0C4CA00908784 /* Tip CalculatorUITests.xctest */ = {isa = PBXFileReference; explicitFileType = wrapper.cfbundle; includeInIndex = 0; path = "Tip CalculatorUITests.xctest"; sourceTree = BUILT_PRODUCTS_DIR; };
		DDC847DA24D0C4CA00908784 /* Tip_CalculatorUITests.swift */ = {isa = PBXFileReference; lastKnownFileType = sourcecode.swift; path = Tip_CalculatorUITests.swift; sourceTree = "<group>"; };
		DDC847DC24D0C4CA00908784 /* Info.plist */ = {isa = PBXFileReference; lastKnownFileType = text.plist.xml; path = Info.plist; sourceTree = "<group>"; };
/* End PBXFileReference section */

/* Begin PBXFrameworksBuildPhase section */
		DDC847B224D0C4C600908784 /* Frameworks */ = {
			isa = PBXFrameworksBuildPhase;
			buildActionMask = 2147483647;
			files = (
			);
			runOnlyForDeploymentPostprocessing = 0;
		};
		DDC847C824D0C4CA00908784 /* Frameworks */ = {
			isa = PBXFrameworksBuildPhase;
			buildActionMask = 2147483647;
			files = (
			);
			runOnlyForDeploymentPostprocessing = 0;
		};
		DDC847D324D0C4CA00908784 /* Frameworks */ = {
			isa = PBXFrameworksBuildPhase;
			buildActionMask = 2147483647;
			files = (
			);
			runOnlyForDeploymentPostprocessing = 0;
		};
/* End PBXFrameworksBuildPhase section */

/* Begin PBXGroup section */
		DDC847AC24D0C4C600908784 = {
			isa = PBXGroup;
			children = (
				DDC847B724D0C4C600908784 /* Tip Calculator */,
				DDC847CE24D0C4CA00908784 /* Tip CalculatorTests */,
				DDC847D924D0C4CA00908784 /* Tip CalculatorUITests */,
				DDC847B624D0C4C600908784 /* Products */,
			);
			sourceTree = "<group>";
		};
		DDC847B624D0C4C600908784 /* Products */ = {
			isa = PBXGroup;
			children = (
				DDC847B524D0C4C600908784 /* Tip Calculator.app */,
				DDC847CB24D0C4CA00908784 /* Tip CalculatorTests.xctest */,
				DDC847D624D0C4CA00908784 /* Tip CalculatorUITests.xctest */,
			);
			name = Products;
			sourceTree = "<group>";
		};
		DDC847B724D0C4C600908784 /* Tip Calculator */ = {
			isa = PBXGroup;
			children = (
				DDC847B824D0C4C600908784 /* AppDelegate.swift */,
				DDC847BA24D0C4C600908784 /* SceneDelegate.swift */,
				DDC847BC24D0C4C600908784 /* ViewController.swift */,
				DDC847BE24D0C4C700908784 /* Main.storyboard */,
				DDC847C124D0C4CA00908784 /* Assets.xcassets */,
				DDC847C324D0C4CA00908784 /* LaunchScreen.storyboard */,
				DDC847C624D0C4CA00908784 /* Info.plist */,
			);
			path = "Tip Calculator";
			sourceTree = "<group>";
		};
		DDC847CE24D0C4CA00908784 /* Tip CalculatorTests */ = {
			isa = PBXGroup;
			children = (
				DDC847CF24D0C4CA00908784 /* Tip_CalculatorTests.swift */,
				DDC847D124D0C4CA00908784 /* Info.plist */,
			);
			path = "Tip CalculatorTests";
			sourceTree = "<group>";
		};
		DDC847D924D0C4CA00908784 /* Tip CalculatorUITests */ = {
			isa = PBXGroup;
			children = (
				DDC847DA24D0C4CA00908784 /* Tip_CalculatorUITests.swift */,
				DDC847DC24D0C4CA00908784 /* Info.plist */,
			);
			path = "Tip CalculatorUITests";
			sourceTree = "<group>";
		};
/* End PBXGroup section */

/* Begin PBXNativeTarget section */
		DDC847B424D0C4C600908784 /* Tip Calculator */ = {
			isa = PBXNativeTarget;
			buildConfigurationList = DDC847DF24D0C4CA00908784 /* Build configuration list for PBXNativeTarget "Tip Calculator" */;
			buildPhases = (
				DDC847B124D0C4C600908784 /* Sources */,
				DDC847B224D0C4C600908784 /* Frameworks */,
				DDC847B324D0C4C600908784 /* Resources */,
			);
			buildRules = (
			);
			dependencies = (
			);
			name = "Tip Calculator";
			productName = "Tip Calculator";
			productReference = DDC847B524D0C4C600908784 /* Tip Calculator.app */;
			productType = "com.apple.product-type.application";
		};
		DDC847CA24D0C4CA00908784 /* Tip CalculatorTests */ = {
			isa = PBXNativeTarget;
			buildConfigurationList = DDC847E224D0C4CA00908784 /* Build configuration list for PBXNativeTarget "Tip CalculatorTests" */;
			buildPhases = (
				DDC847C724D0C4CA00908784 /* Sources */,
				DDC847C824D0C4CA00908784 /* Frameworks */,
				DDC847C924D0C4CA00908784 /* Resources */,
			);
			buildRules = (
			);
			dependencies = (
				DDC847CD24D0C4CA00908784 /* PBXTargetDependency */,
			);
			name = "Tip CalculatorTests";
			productName = "Tip CalculatorTests";
			productReference = DDC847CB24D0C4CA00908784 /* Tip CalculatorTests.xctest */;
			productType = "com.apple.product-type.bundle.unit-test";
		};
		DDC847D524D0C4CA00908784 /* Tip CalculatorUITests */ = {
			isa = PBXNativeTarget;
			buildConfigurationList = DDC847E524D0C4CA00908784 /* Build configuration list for PBXNativeTarget "Tip CalculatorUITests" */;
			buildPhases = (
				DDC847D224D0C4CA00908784 /* Sources */,
				DDC847D324D0C4CA00908784 /* Frameworks */,
				DDC847D424D0C4CA00908784 /* Resources */,
			);
			buildRules = (
			);
			dependencies = (
				DDC847D824D0C4CA00908784 /* PBXTargetDependency */,
			);
			name = "Tip CalculatorUITests";
			productName = "Tip CalculatorUITests";
			productReference = DDC847D624D0C4CA00908784 /* Tip CalculatorUITests.xctest */;
			productType = "com.apple.product-type.bundle.ui-testing";
		};
/* End PBXNativeTarget section */

/* Begin PBXProject section */
		DDC847AD24D0C4C600908784 /* Project object */ = {
			isa = PBXProject;
			attributes = {
				LastSwiftUpdateCheck = 1150;
				LastUpgradeCheck = 1150;
				ORGANIZATIONNAME = Codepath;
				TargetAttributes = {
					DDC847B424D0C4C600908784 = {
						CreatedOnToolsVersion = 11.5;
					};
					DDC847CA24D0C4CA00908784 = {
						CreatedOnToolsVersion = 11.5;
						TestTargetID = DDC847B424D0C4C600908784;
					};
					DDC847D524D0C4CA00908784 = {
						CreatedOnToolsVersion = 11.5;
						TestTargetID = DDC847B424D0C4C600908784;
					};
				};
			};
			buildConfigurationList = DDC847B024D0C4C600908784 /* Build configuration list for PBXProject "Tip Calculator" */;
			compatibilityVersion = "Xcode 9.3";
			developmentRegion = en;
			hasScannedForEncodings = 0;
			knownRegions = (
				en,
				Base,
			);
			mainGroup = DDC847AC24D0C4C600908784;
			productRefGroup = DDC847B624D0C4C600908784 /* Products */;
			projectDirPath = "";
			projectRoot = "";
			targets = (
				DDC847B424D0C4C600908784 /* Tip Calculator */,
				DDC847CA24D0C4CA00908784 /* Tip CalculatorTests */,
				DDC847D524D0C4CA00908784 /* Tip CalculatorUITests */,
			);
		};
/* End PBXProject section */

/* Begin PBXResourcesBuildPhase section */
		DDC847B324D0C4C600908784 /* Resources */ = {
			isa = PBXResourcesBuildPhase;
			buildActionMask = 2147483647;
			files = (
				DDC847C524D0C4CA00908784 /* LaunchScreen.storyboard in Resources */,
				DDC847C224D0C4CA00908784 /* Assets.xcassets in Resources */,
				DDC847C024D0C4C700908784 /* Main.storyboard in Resources */,
			);
			runOnlyForDeploymentPostprocessing = 0;
		};
		DDC847C924D0C4CA00908784 /* Resources */ = {
			isa = PBXResourcesBuildPhase;
			buildActionMask = 2147483647;
			files = (
			);
			runOnlyForDeploymentPostprocessing = 0;
		};
		DDC847D424D0C4CA00908784 /* Resources */ = {
			isa = PBXResourcesBuildPhase;
			buildActionMask = 2147483647;
			files = (
			);
			runOnlyForDeploymentPostprocessing = 0;
		};
/* End PBXResourcesBuildPhase section */

/* Begin PBXSourcesBuildPhase section */
		DDC847B124D0C4C600908784 /* Sources */ = {
			isa = PBXSourcesBuildPhase;
			buildActionMask = 2147483647;
			files = (
				DDC847BD24D0C4C600908784 /* ViewController.swift in Sources */,
				DDC847B924D0C4C600908784 /* AppDelegate.swift in Sources */,
				DDC847BB24D0C4C600908784 /* SceneDelegate.swift in Sources */,
			);
			runOnlyForDeploymentPostprocessing = 0;
		};
		DDC847C724D0C4CA00908784 /* Sources */ = {
			isa = PBXSourcesBuildPhase;
			buildActionMask = 2147483647;
			files = (
				DDC847D024D0C4CA00908784 /* Tip_CalculatorTests.swift in Sources */,
			);
			runOnlyForDeploymentPostprocessing = 0;
		};
		DDC847D224D0C4CA00908784 /* Sources */ = {
			isa = PBXSourcesBuildPhase;
			buildActionMask = 2147483647;
			files = (
				DDC847DB24D0C4CA00908784 /* Tip_CalculatorUITests.swift in Sources */,
			);
			runOnlyForDeploymentPostprocessing = 0;
		};
/* End PBXSourcesBuildPhase section */

/* Begin PBXTargetDependency section */
		DDC847CD24D0C4CA00908784 /* PBXTargetDependency */ = {
			isa = PBXTargetDependency;
			target = DDC847B424D0C4C600908784 /* Tip Calculator */;
			targetProxy = DDC847CC24D0C4CA00908784 /* PBXContainerItemProxy */;
		};
		DDC847D824D0C4CA00908784 /* PBXTargetDependency */ = {
			isa = PBXTargetDependency;
			target = DDC847B424D0C4C600908784 /* Tip Calculator */;
			targetProxy = DDC847D724D0C4CA00908784 /* PBXContainerItemProxy */;
		};
/* End PBXTargetDependency section */

/* Begin PBXVariantGroup section */
		DDC847BE24D0C4C700908784 /* Main.storyboard */ = {
			isa = PBXVariantGroup;
			children = (
				DDC847BF24D0C4C700908784 /* Base */,
			);
			name = Main.storyboard;
			sourceTree = "<group>";
		};
		DDC847C324D0C4CA00908784 /* LaunchScreen.storyboard */ = {
			isa = PBXVariantGroup;
			children = (
				DDC847C424D0C4CA00908784 /* Base */,
			);
			name = LaunchScreen.storyboard;
			sourceTree = "<group>";
		};
/* End PBXVariantGroup section */

/* Begin XCBuildConfiguration section */
		DDC847DD24D0C4CA00908784 /* Debug */ = {
			isa = XCBuildConfiguration;
			buildSettings = {
				ALWAYS_SEARCH_USER_PATHS = NO;
				CLANG_ANALYZER_NONNULL = YES;
				CLANG_ANALYZER_NUMBER_OBJECT_CONVERSION = YES_AGGRESSIVE;
				CLANG_CXX_LANGUAGE_STANDARD = "gnu++14";
				CLANG_CXX_LIBRARY = "libc++";
				CLANG_ENABLE_MODULES = YES;
				CLANG_ENABLE_OBJC_ARC = YES;
				CLANG_ENABLE_OBJC_WEAK = YES;
				CLANG_WARN_BLOCK_CAPTURE_AUTORELEASING = YES;
				CLANG_WARN_BOOL_CONVERSION = YES;
				CLANG_WARN_COMMA = YES;
				CLANG_WARN_CONSTANT_CONVERSION = YES;
				CLANG_WARN_DEPRECATED_OBJC_IMPLEMENTATIONS = YES;
				CLANG_WARN_DIRECT_OBJC_ISA_USAGE = YES_ERROR;
				CLANG_WARN_DOCUMENTATION_COMMENTS = YES;
				CLANG_WARN_EMPTY_BODY = YES;
				CLANG_WARN_ENUM_CONVERSION = YES;
				CLANG_WARN_INFINITE_RECURSION = YES;
				CLANG_WARN_INT_CONVERSION = YES;
				CLANG_WARN_NON_LITERAL_NULL_CONVERSION = YES;
				CLANG_WARN_OBJC_IMPLICIT_RETAIN_SELF = YES;
				CLANG_WARN_OBJC_LITERAL_CONVERSION = YES;
				CLANG_WARN_OBJC_ROOT_CLASS = YES_ERROR;
				CLANG_WARN_RANGE_LOOP_ANALYSIS = YES;
				CLANG_WARN_STRICT_PROTOTYPES = YES;
				CLANG_WARN_SUSPICIOUS_MOVE = YES;
				CLANG_WARN_UNGUARDED_AVAILABILITY = YES_AGGRESSIVE;
				CLANG_WARN_UNREACHABLE_CODE = YES;
				CLANG_WARN__DUPLICATE_METHOD_MATCH = YES;
				COPY_PHASE_STRIP = NO;
				DEBUG_INFORMATION_FORMAT = dwarf;
				ENABLE_STRICT_OBJC_MSGSEND = YES;
				ENABLE_TESTABILITY = YES;
				GCC_C_LANGUAGE_STANDARD = gnu11;
				GCC_DYNAMIC_NO_PIC = NO;
				GCC_NO_COMMON_BLOCKS = YES;
				GCC_OPTIMIZATION_LEVEL = 0;
				GCC_PREPROCESSOR_DEFINITIONS = (
					"DEBUG=1",
					"$(inherited)",
				);
				GCC_WARN_64_TO_32_BIT_CONVERSION = YES;
				GCC_WARN_ABOUT_RETURN_TYPE = YES_ERROR;
				GCC_WARN_UNDECLARED_SELECTOR = YES;
				GCC_WARN_UNINITIALIZED_AUTOS = YES_AGGRESSIVE;
				GCC_WARN_UNUSED_FUNCTION = YES;
				GCC_WARN_UNUSED_VARIABLE = YES;
				IPHONEOS_DEPLOYMENT_TARGET = 13.5;
				MTL_ENABLE_DEBUG_INFO = INCLUDE_SOURCE;
				MTL_FAST_MATH = YES;
				ONLY_ACTIVE_ARCH = YES;
				SDKROOT = iphoneos;
				SWIFT_ACTIVE_COMPILATION_CONDITIONS = DEBUG;
				SWIFT_OPTIMIZATION_LEVEL = "-Onone";
			};
			name = Debug;
		};
		DDC847DE24D0C4CA00908784 /* Release */ = {
			isa = XCBuildConfiguration;
			buildSettings = {
				ALWAYS_SEARCH_USER_PATHS = NO;
				CLANG_ANALYZER_NONNULL = YES;
				CLANG_ANALYZER_NUMBER_OBJECT_CONVERSION = YES_AGGRESSIVE;
				CLANG_CXX_LANGUAGE_STANDARD = "gnu++14";
				CLANG_CXX_LIBRARY = "libc++";
				CLANG_ENABLE_MODULES = YES;
				CLANG_ENABLE_OBJC_ARC = YES;
				CLANG_ENABLE_OBJC_WEAK = YES;
				CLANG_WARN_BLOCK_CAPTURE_AUTORELEASING = YES;
				CLANG_WARN_BOOL_CONVERSION = YES;
				CLANG_WARN_COMMA = YES;
				CLANG_WARN_CONSTANT_CONVERSION = YES;
				CLANG_WARN_DEPRECATED_OBJC_IMPLEMENTATIONS = YES;
				CLANG_WARN_DIRECT_OBJC_ISA_USAGE = YES_ERROR;
				CLANG_WARN_DOCUMENTATION_COMMENTS = YES;
				CLANG_WARN_EMPTY_BODY = YES;
				CLANG_WARN_ENUM_CONVERSION = YES;
				CLANG_WARN_INFINITE_RECURSION = YES;
				CLANG_WARN_INT_CONVERSION = YES;
				CLANG_WARN_NON_LITERAL_NULL_CONVERSION = YES;
				CLANG_WARN_OBJC_IMPLICIT_RETAIN_SELF = YES;
				CLANG_WARN_OBJC_LITERAL_CONVERSION = YES;
				CLANG_WARN_OBJC_ROOT_CLASS = YES_ERROR;
				CLANG_WARN_RANGE_LOOP_ANALYSIS = YES;
				CLANG_WARN_STRICT_PROTOTYPES = YES;
				CLANG_WARN_SUSPICIOUS_MOVE = YES;
				CLANG_WARN_UNGUARDED_AVAILABILITY = YES_AGGRESSIVE;
				CLANG_WARN_UNREACHABLE_CODE = YES;
				CLANG_WARN__DUPLICATE_METHOD_MATCH = YES;
				COPY_PHASE_STRIP = NO;
				DEBUG_INFORMATION_FORMAT = "dwarf-with-dsym";
				ENABLE_NS_ASSERTIONS = NO;
				ENABLE_STRICT_OBJC_MSGSEND = YES;
				GCC_C_LANGUAGE_STANDARD = gnu11;
				GCC_NO_COMMON_BLOCKS = YES;
				GCC_WARN_64_TO_32_BIT_CONVERSION = YES;
				GCC_WARN_ABOUT_RETURN_TYPE = YES_ERROR;
				GCC_WARN_UNDECLARED_SELECTOR = YES;
				GCC_WARN_UNINITIALIZED_AUTOS = YES_AGGRESSIVE;
				GCC_WARN_UNUSED_FUNCTION = YES;
				GCC_WARN_UNUSED_VARIABLE = YES;
				IPHONEOS_DEPLOYMENT_TARGET = 13.5;
				MTL_ENABLE_DEBUG_INFO = NO;
				MTL_FAST_MATH = YES;
				SDKROOT = iphoneos;
				SWIFT_COMPILATION_MODE = wholemodule;
				SWIFT_OPTIMIZATION_LEVEL = "-O";
				VALIDATE_PRODUCT = YES;
			};
			name = Release;
		};
		DDC847E024D0C4CA00908784 /* Debug */ = {
			isa = XCBuildConfiguration;
			buildSettings = {
				ASSETCATALOG_COMPILER_APPICON_NAME = AppIcon;
				CODE_SIGN_STYLE = Automatic;
				INFOPLIST_FILE = "Tip Calculator/Info.plist";
				LD_RUNPATH_SEARCH_PATHS = (
					"$(inherited)",
					"@executable_path/Frameworks",
				);
				PRODUCT_BUNDLE_IDENTIFIER = "Codepath.Tip-Calculator";
				PRODUCT_NAME = "$(TARGET_NAME)";
				SWIFT_VERSION = 5.0;
				TARGETED_DEVICE_FAMILY = "1,2";
			};
			name = Debug;
		};
		DDC847E124D0C4CA00908784 /* Release */ = {
			isa = XCBuildConfiguration;
			buildSettings = {
				ASSETCATALOG_COMPILER_APPICON_NAME = AppIcon;
				CODE_SIGN_STYLE = Automatic;
				INFOPLIST_FILE = "Tip Calculator/Info.plist";
				LD_RUNPATH_SEARCH_PATHS = (
					"$(inherited)",
					"@executable_path/Frameworks",
				);
				PRODUCT_BUNDLE_IDENTIFIER = "Codepath.Tip-Calculator";
				PRODUCT_NAME = "$(TARGET_NAME)";
				SWIFT_VERSION = 5.0;
				TARGETED_DEVICE_FAMILY = "1,2";
			};
			name = Release;
		};
		DDC847E324D0C4CA00908784 /* Debug */ = {
			isa = XCBuildConfiguration;
			buildSettings = {
				ALWAYS_EMBED_SWIFT_STANDARD_LIBRARIES = YES;
				BUNDLE_LOADER = "$(TEST_HOST)";
				CODE_SIGN_STYLE = Automatic;
				INFOPLIST_FILE = "Tip CalculatorTests/Info.plist";
				IPHONEOS_DEPLOYMENT_TARGET = 13.5;
				LD_RUNPATH_SEARCH_PATHS = (
					"$(inherited)",
					"@executable_path/Frameworks",
					"@loader_path/Frameworks",
				);
				PRODUCT_BUNDLE_IDENTIFIER = "Codepath.Tip-CalculatorTests";
				PRODUCT_NAME = "$(TARGET_NAME)";
				SWIFT_VERSION = 5.0;
				TARGETED_DEVICE_FAMILY = "1,2";
				TEST_HOST = "$(BUILT_PRODUCTS_DIR)/Tip Calculator.app/Tip Calculator";
			};
			name = Debug;
		};
		DDC847E424D0C4CA00908784 /* Release */ = {
			isa = XCBuildConfiguration;
			buildSettings = {
				ALWAYS_EMBED_SWIFT_STANDARD_LIBRARIES = YES;
				BUNDLE_LOADER = "$(TEST_HOST)";
				CODE_SIGN_STYLE = Automatic;
				INFOPLIST_FILE = "Tip CalculatorTests/Info.plist";
				IPHONEOS_DEPLOYMENT_TARGET = 13.5;
				LD_RUNPATH_SEARCH_PATHS = (
					"$(inherited)",
					"@executable_path/Frameworks",
					"@loader_path/Frameworks",
				);
				PRODUCT_BUNDLE_IDENTIFIER = "Codepath.Tip-CalculatorTests";
				PRODUCT_NAME = "$(TARGET_NAME)";
				SWIFT_VERSION = 5.0;
				TARGETED_DEVICE_FAMILY = "1,2";
				TEST_HOST = "$(BUILT_PRODUCTS_DIR)/Tip Calculator.app/Tip Calculator";
			};
			name = Release;
		};
		DDC847E624D0C4CA00908784 /* Debug */ = {
			isa = XCBuildConfiguration;
			buildSettings = {
				ALWAYS_EMBED_SWIFT_STANDARD_LIBRARIES = YES;
				CODE_SIGN_STYLE = Automatic;
				INFOPLIST_FILE = "Tip CalculatorUITests/Info.plist";
				LD_RUNPATH_SEARCH_PATHS = (
					"$(inherited)",
					"@executable_path/Frameworks",
					"@loader_path/Frameworks",
				);
				PRODUCT_BUNDLE_IDENTIFIER = "Codepath.Tip-CalculatorUITests";
				PRODUCT_NAME = "$(TARGET_NAME)";
				SWIFT_VERSION = 5.0;
				TARGETED_DEVICE_FAMILY = "1,2";
				TEST_TARGET_NAME = "Tip Calculator";
			};
			name = Debug;
		};
		DDC847E724D0C4CA00908784 /* Release */ = {
			isa = XCBuildConfiguration;
			buildSettings = {
				ALWAYS_EMBED_SWIFT_STANDARD_LIBRARIES = YES;
				CODE_SIGN_STYLE = Automatic;
				INFOPLIST_FILE = "Tip CalculatorUITests/Info.plist";
				LD_RUNPATH_SEARCH_PATHS = (
					"$(inherited)",
					"@executable_path/Frameworks",
					"@loader_path/Frameworks",
				);
				PRODUCT_BUNDLE_IDENTIFIER = "Codepath.Tip-CalculatorUITests";
				PRODUCT_NAME = "$(TARGET_NAME)";
				SWIFT_VERSION = 5.0;
				TARGETED_DEVICE_FAMILY = "1,2";
				TEST_TARGET_NAME = "Tip Calculator";
			};
			name = Release;
		};
/* End XCBuildConfiguration section */

/* Begin XCConfigurationList section */
		DDC847B024D0C4C600908784 /* Build configuration list for PBXProject "Tip Calculator" */ = {
			isa = XCConfigurationList;
			buildConfigurations = (
				DDC847DD24D0C4CA00908784 /* Debug */,
				DDC847DE24D0C4CA00908784 /* Release */,
			);
			defaultConfigurationIsVisible = 0;
			defaultConfigurationName = Release;
		};
		DDC847DF24D0C4CA00908784 /* Build configuration list for PBXNativeTarget "Tip Calculator" */ = {
			isa = XCConfigurationList;
			buildConfigurations = (
				DDC847E024D0C4CA00908784 /* Debug */,
				DDC847E124D0C4CA00908784 /* Release */,
			);
			defaultConfigurationIsVisible = 0;
			defaultConfigurationName = Release;
		};
		DDC847E224D0C4CA00908784 /* Build configuration list for PBXNativeTarget "Tip CalculatorTests" */ = {
			isa = XCConfigurationList;
			buildConfigurations = (
				DDC847E324D0C4CA00908784 /* Debug */,
				DDC847E424D0C4CA00908784 /* Release */,
			);
			defaultConfigurationIsVisible = 0;
			defaultConfigurationName = Release;
		};
		DDC847E524D0C4CA00908784 /* Build configuration list for PBXNativeTarget "Tip CalculatorUITests" */ = {
			isa = XCConfigurationList;
			buildConfigurations = (
				DDC847E624D0C4CA00908784 /* Debug */,
				DDC847E724D0C4CA00908784 /* Release */,
			);
			defaultConfigurationIsVisible = 0;
			defaultConfigurationName = Release;
		};
/* End XCConfigurationList section */
	};
	rootObject = DDC847AD24D0C4C600908784 /* Project object */;
}
